// !$*UTF8*$!
{
	archiveVersion = 1;
	classes = {
	};
	objectVersion = 50;
	objects = {

/* Begin PBXBuildFile section */
		302432CF20FEB4B40062B731 /* CoreDataStack.swift in Sources */ = {isa = PBXBuildFile; fileRef = 302432CE20FEB4B40062B731 /* CoreDataStack.swift */; };
		302432D120FEB5160062B731 /* NSManagedObject+Extension.swift in Sources */ = {isa = PBXBuildFile; fileRef = 302432D020FEB5160062B731 /* NSManagedObject+Extension.swift */; };
		302432D320FEBB650062B731 /* CacheCurrency.swift in Sources */ = {isa = PBXBuildFile; fileRef = 302432D220FEBB650062B731 /* CacheCurrency.swift */; };
		3064C9E120FD991C005A1CFE /* CurrencyTableViewCell.swift in Sources */ = {isa = PBXBuildFile; fileRef = 3064C9DF20FD991C005A1CFE /* CurrencyTableViewCell.swift */; };
		3064C9E220FD991C005A1CFE /* CurrencyTableViewCell.xib in Resources */ = {isa = PBXBuildFile; fileRef = 3064C9E020FD991C005A1CFE /* CurrencyTableViewCell.xib */; };
		3064C9E520FDA4F6005A1CFE /* UITableViewCell+Extension.swift in Sources */ = {isa = PBXBuildFile; fileRef = 3064C9E320FDA4F5005A1CFE /* UITableViewCell+Extension.swift */; };
		3064C9E620FDA4F6005A1CFE /* UITableView+Extension.swift in Sources */ = {isa = PBXBuildFile; fileRef = 3064C9E420FDA4F5005A1CFE /* UITableView+Extension.swift */; };
		30A12F3620FC2A1B00135A64 /* AppDelegate.swift in Sources */ = {isa = PBXBuildFile; fileRef = 30A12F3520FC2A1B00135A64 /* AppDelegate.swift */; };
		30A12F3E20FC2A1B00135A64 /* RateX.xcdatamodeld in Sources */ = {isa = PBXBuildFile; fileRef = 30A12F3C20FC2A1B00135A64 /* RateX.xcdatamodeld */; };
		30A12F4020FC2A2200135A64 /* Assets.xcassets in Resources */ = {isa = PBXBuildFile; fileRef = 30A12F3F20FC2A2200135A64 /* Assets.xcassets */; };
		30A12F4E20FC2A2200135A64 /* RateXTests.swift in Sources */ = {isa = PBXBuildFile; fileRef = 30A12F4D20FC2A2200135A64 /* RateXTests.swift */; };
		30A12F5920FC2A2300135A64 /* RateXUITests.swift in Sources */ = {isa = PBXBuildFile; fileRef = 30A12F5820FC2A2300135A64 /* RateXUITests.swift */; };
		7B1DAFC120FE910500BF5CAF /* Array+Extension.swift in Sources */ = {isa = PBXBuildFile; fileRef = 7B1DAFC020FE910500BF5CAF /* Array+Extension.swift */; };
		7B53A7A320FE599700EF1D9D /* String+Extension.swift in Sources */ = {isa = PBXBuildFile; fileRef = 7B53A7A220FE599700EF1D9D /* String+Extension.swift */; };
		7B53A7A520FE5ABB00EF1D9D /* Double+Extension.swift in Sources */ = {isa = PBXBuildFile; fileRef = 7B53A7A420FE5ABB00EF1D9D /* Double+Extension.swift */; };
		7B5F347A20FF74FF00075DAB /* CahceRates.swift in Sources */ = {isa = PBXBuildFile; fileRef = 7B5F347920FF74FF00075DAB /* CahceRates.swift */; };
		7B622C5320FCD9B9006C0BBE /* Initializable.swift in Sources */ = {isa = PBXBuildFile; fileRef = 7B622C5120FCD9B9006C0BBE /* Initializable.swift */; };
		7B622C5420FCD9B9006C0BBE /* ThemeInitializer.swift in Sources */ = {isa = PBXBuildFile; fileRef = 7B622C5220FCD9B9006C0BBE /* ThemeInitializer.swift */; };
		7B622C8420FCDA1C006C0BBE /* RUtil.swift in Sources */ = {isa = PBXBuildFile; fileRef = 7B622C5720FCDA1B006C0BBE /* RUtil.swift */; };
		7B622C8520FCDA1C006C0BBE /* UIColor+Extension.swift in Sources */ = {isa = PBXBuildFile; fileRef = 7B622C5920FCDA1B006C0BBE /* UIColor+Extension.swift */; };
		7B622C8620FCDA1C006C0BBE /* ReusableViewProtocol.swift in Sources */ = {isa = PBXBuildFile; fileRef = 7B622C5A20FCDA1B006C0BBE /* ReusableViewProtocol.swift */; };
		7B622C8720FCDA1C006C0BBE /* NSObject+Extension.swift in Sources */ = {isa = PBXBuildFile; fileRef = 7B622C5B20FCDA1B006C0BBE /* NSObject+Extension.swift */; };
		7B622C8820FCDA1C006C0BBE /* UIView+Extension.swift in Sources */ = {isa = PBXBuildFile; fileRef = 7B622C5C20FCDA1B006C0BBE /* UIView+Extension.swift */; };
		7B622C8920FCDA1C006C0BBE /* UINavigationController+Extension.swift in Sources */ = {isa = PBXBuildFile; fileRef = 7B622C5D20FCDA1B006C0BBE /* UINavigationController+Extension.swift */; };
		7B622C8B20FCDA1C006C0BBE /* UIStoryboard+Extension.swift in Sources */ = {isa = PBXBuildFile; fileRef = 7B622C5F20FCDA1B006C0BBE /* UIStoryboard+Extension.swift */; };
		7B622C8D20FCDA1C006C0BBE /* Date+Extensions.swift in Sources */ = {isa = PBXBuildFile; fileRef = 7B622C6120FCDA1B006C0BBE /* Date+Extensions.swift */; };
		7B622C9020FCDA1C006C0BBE /* ResponseType.swift in Sources */ = {isa = PBXBuildFile; fileRef = 7B622C6520FCDA1B006C0BBE /* ResponseType.swift */; };
		7B622C9120FCDA1C006C0BBE /* ErrorResponse.swift in Sources */ = {isa = PBXBuildFile; fileRef = 7B622C6620FCDA1B006C0BBE /* ErrorResponse.swift */; };
		7B622C9220FCDA1C006C0BBE /* RequestResultType.swift in Sources */ = {isa = PBXBuildFile; fileRef = 7B622C6720FCDA1B006C0BBE /* RequestResultType.swift */; };
		7B622C9320FCDA1C006C0BBE /* BaseWireframe.swift in Sources */ = {isa = PBXBuildFile; fileRef = 7B622C6920FCDA1B006C0BBE /* BaseWireframe.swift */; };
		7B622C9420FCDA1C006C0BBE /* PresenterInterface.swift in Sources */ = {isa = PBXBuildFile; fileRef = 7B622C6A20FCDA1B006C0BBE /* PresenterInterface.swift */; };
		7B622C9520FCDA1C006C0BBE /* ViewInterface.swift in Sources */ = {isa = PBXBuildFile; fileRef = 7B622C6B20FCDA1B006C0BBE /* ViewInterface.swift */; };
		7B622C9620FCDA1C006C0BBE /* InteractorInterface.swift in Sources */ = {isa = PBXBuildFile; fileRef = 7B622C6C20FCDA1B006C0BBE /* InteractorInterface.swift */; };
		7B622C9720FCDA1C006C0BBE /* APIService.swift in Sources */ = {isa = PBXBuildFile; fileRef = 7B622C6E20FCDA1B006C0BBE /* APIService.swift */; };
		7B622C9A20FCDA1C006C0BBE /* RButton.swift in Sources */ = {isa = PBXBuildFile; fileRef = 7B622C7220FCDA1C006C0BBE /* RButton.swift */; };
		7B622C9B20FCDA1C006C0BBE /* RImageView.swift in Sources */ = {isa = PBXBuildFile; fileRef = 7B622C7320FCDA1C006C0BBE /* RImageView.swift */; };
		7B622C9D20FCDA1C006C0BBE /* RCardView.swift in Sources */ = {isa = PBXBuildFile; fileRef = 7B622C7520FCDA1C006C0BBE /* RCardView.swift */; };
		7B622C9E20FCDA1C006C0BBE /* BaseViewProtocol.swift in Sources */ = {isa = PBXBuildFile; fileRef = 7B622C7720FCDA1C006C0BBE /* BaseViewProtocol.swift */; };
		7B622C9F20FCDA1C006C0BBE /* RFenceView.xib in Resources */ = {isa = PBXBuildFile; fileRef = 7B622C7920FCDA1C006C0BBE /* RFenceView.xib */; };
		7B622CA020FCDA1C006C0BBE /* RFenceView.swift in Sources */ = {isa = PBXBuildFile; fileRef = 7B622C7A20FCDA1C006C0BBE /* RFenceView.swift */; };
		7B622CA220FCDA1C006C0BBE /* RNavigationController.swift in Sources */ = {isa = PBXBuildFile; fileRef = 7B622C7D20FCDA1C006C0BBE /* RNavigationController.swift */; };
		7B622CA320FCDA1C006C0BBE /* RBaseViewController.swift in Sources */ = {isa = PBXBuildFile; fileRef = 7B622C7E20FCDA1C006C0BBE /* RBaseViewController.swift */; };
		7B622CAE20FCDD37006C0BBE /* LaunchScreen.storyboard in Resources */ = {isa = PBXBuildFile; fileRef = 7B622CAC20FCDD37006C0BBE /* LaunchScreen.storyboard */; };
		7BD6BBEE20FCF968003A393E /* Currency.swift in Sources */ = {isa = PBXBuildFile; fileRef = 7BD6BBED20FCF968003A393E /* Currency.swift */; };
		7BD6BBF020FD0A59003A393E /* CurrencyRates.swift in Sources */ = {isa = PBXBuildFile; fileRef = 7BD6BBEF20FD0A59003A393E /* CurrencyRates.swift */; };
		7BD6BBF320FD0C10003A393E /* Home.storyboard in Resources */ = {isa = PBXBuildFile; fileRef = 7BD6BBF220FD0C10003A393E /* Home.storyboard */; };
		7BD6BBF920FD0C31003A393E /* HomeInterfaces.swift in Sources */ = {isa = PBXBuildFile; fileRef = 7BD6BBF420FD0C31003A393E /* HomeInterfaces.swift */; };
		7BD6BBFA20FD0C31003A393E /* HomePresenter.swift in Sources */ = {isa = PBXBuildFile; fileRef = 7BD6BBF520FD0C31003A393E /* HomePresenter.swift */; };
		7BD6BBFB20FD0C31003A393E /* HomeViewController.swift in Sources */ = {isa = PBXBuildFile; fileRef = 7BD6BBF620FD0C31003A393E /* HomeViewController.swift */; };
		7BD6BBFC20FD0C31003A393E /* HomeInteractor.swift in Sources */ = {isa = PBXBuildFile; fileRef = 7BD6BBF720FD0C31003A393E /* HomeInteractor.swift */; };
		7BD6BBFD20FD0C31003A393E /* HomeWireframe.swift in Sources */ = {isa = PBXBuildFile; fileRef = 7BD6BBF820FD0C31003A393E /* HomeWireframe.swift */; };
		7BD6BBFF20FD0E8C003A393E /* CurrencyRatesService.swift in Sources */ = {isa = PBXBuildFile; fileRef = 7BD6BBFE20FD0E8C003A393E /* CurrencyRatesService.swift */; };
		7C4B3EE0EE98C28A32F81C9E /* Pods_RateX.framework in Frameworks */ = {isa = PBXBuildFile; fileRef = D8EC2FFFBFFAB6B159E7306D /* Pods_RateX.framework */; };
/* End PBXBuildFile section */

/* Begin PBXContainerItemProxy section */
		30A12F4A20FC2A2200135A64 /* PBXContainerItemProxy */ = {
			isa = PBXContainerItemProxy;
			containerPortal = 30A12F2A20FC2A1A00135A64 /* Project object */;
			proxyType = 1;
			remoteGlobalIDString = 30A12F3120FC2A1B00135A64;
			remoteInfo = RateX;
		};
		30A12F5520FC2A2200135A64 /* PBXContainerItemProxy */ = {
			isa = PBXContainerItemProxy;
			containerPortal = 30A12F2A20FC2A1A00135A64 /* Project object */;
			proxyType = 1;
			remoteGlobalIDString = 30A12F3120FC2A1B00135A64;
			remoteInfo = RateX;
		};
/* End PBXContainerItemProxy section */

/* Begin PBXFileReference section */
		046B342236B30113065B0DE5 /* Pods-RateX.debug.xcconfig */ = {isa = PBXFileReference; includeInIndex = 1; lastKnownFileType = text.xcconfig; name = "Pods-RateX.debug.xcconfig"; path = "Pods/Target Support Files/Pods-RateX/Pods-RateX.debug.xcconfig"; sourceTree = "<group>"; };
		302432CE20FEB4B40062B731 /* CoreDataStack.swift */ = {isa = PBXFileReference; lastKnownFileType = sourcecode.swift; path = CoreDataStack.swift; sourceTree = "<group>"; };
		302432D020FEB5160062B731 /* NSManagedObject+Extension.swift */ = {isa = PBXFileReference; fileEncoding = 4; lastKnownFileType = sourcecode.swift; path = "NSManagedObject+Extension.swift"; sourceTree = "<group>"; };
		302432D220FEBB650062B731 /* CacheCurrency.swift */ = {isa = PBXFileReference; lastKnownFileType = sourcecode.swift; path = CacheCurrency.swift; sourceTree = "<group>"; };
		3064C9DF20FD991C005A1CFE /* CurrencyTableViewCell.swift */ = {isa = PBXFileReference; lastKnownFileType = sourcecode.swift; path = CurrencyTableViewCell.swift; sourceTree = "<group>"; };
		3064C9E020FD991C005A1CFE /* CurrencyTableViewCell.xib */ = {isa = PBXFileReference; lastKnownFileType = file.xib; path = CurrencyTableViewCell.xib; sourceTree = "<group>"; };
		3064C9E320FDA4F5005A1CFE /* UITableViewCell+Extension.swift */ = {isa = PBXFileReference; fileEncoding = 4; lastKnownFileType = sourcecode.swift; path = "UITableViewCell+Extension.swift"; sourceTree = "<group>"; };
		3064C9E420FDA4F5005A1CFE /* UITableView+Extension.swift */ = {isa = PBXFileReference; fileEncoding = 4; lastKnownFileType = sourcecode.swift; path = "UITableView+Extension.swift"; sourceTree = "<group>"; };
		30A12F3220FC2A1B00135A64 /* RateX.app */ = {isa = PBXFileReference; explicitFileType = wrapper.application; includeInIndex = 0; path = RateX.app; sourceTree = BUILT_PRODUCTS_DIR; };
		30A12F3520FC2A1B00135A64 /* AppDelegate.swift */ = {isa = PBXFileReference; lastKnownFileType = sourcecode.swift; path = AppDelegate.swift; sourceTree = "<group>"; };
		30A12F3D20FC2A1B00135A64 /* RateX.xcdatamodel */ = {isa = PBXFileReference; lastKnownFileType = wrapper.xcdatamodel; path = RateX.xcdatamodel; sourceTree = "<group>"; };
		30A12F3F20FC2A2200135A64 /* Assets.xcassets */ = {isa = PBXFileReference; lastKnownFileType = folder.assetcatalog; path = Assets.xcassets; sourceTree = "<group>"; };
		30A12F4420FC2A2200135A64 /* Info.plist */ = {isa = PBXFileReference; lastKnownFileType = text.plist.xml; path = Info.plist; sourceTree = "<group>"; };
		30A12F4920FC2A2200135A64 /* RateXTests.xctest */ = {isa = PBXFileReference; explicitFileType = wrapper.cfbundle; includeInIndex = 0; path = RateXTests.xctest; sourceTree = BUILT_PRODUCTS_DIR; };
		30A12F4D20FC2A2200135A64 /* RateXTests.swift */ = {isa = PBXFileReference; lastKnownFileType = sourcecode.swift; path = RateXTests.swift; sourceTree = "<group>"; };
		30A12F4F20FC2A2200135A64 /* Info.plist */ = {isa = PBXFileReference; lastKnownFileType = text.plist.xml; path = Info.plist; sourceTree = "<group>"; };
		30A12F5420FC2A2200135A64 /* RateXUITests.xctest */ = {isa = PBXFileReference; explicitFileType = wrapper.cfbundle; includeInIndex = 0; path = RateXUITests.xctest; sourceTree = BUILT_PRODUCTS_DIR; };
		30A12F5820FC2A2300135A64 /* RateXUITests.swift */ = {isa = PBXFileReference; lastKnownFileType = sourcecode.swift; path = RateXUITests.swift; sourceTree = "<group>"; };
		30A12F5A20FC2A2300135A64 /* Info.plist */ = {isa = PBXFileReference; lastKnownFileType = text.plist.xml; path = Info.plist; sourceTree = "<group>"; };
		7B1DAFC020FE910500BF5CAF /* Array+Extension.swift */ = {isa = PBXFileReference; lastKnownFileType = sourcecode.swift; path = "Array+Extension.swift"; sourceTree = "<group>"; };
		7B53A7A220FE599700EF1D9D /* String+Extension.swift */ = {isa = PBXFileReference; lastKnownFileType = sourcecode.swift; path = "String+Extension.swift"; sourceTree = "<group>"; };
		7B53A7A420FE5ABB00EF1D9D /* Double+Extension.swift */ = {isa = PBXFileReference; lastKnownFileType = sourcecode.swift; path = "Double+Extension.swift"; sourceTree = "<group>"; };
		7B5F347920FF74FF00075DAB /* CahceRates.swift */ = {isa = PBXFileReference; lastKnownFileType = sourcecode.swift; path = CahceRates.swift; sourceTree = "<group>"; };
		7B622C5120FCD9B9006C0BBE /* Initializable.swift */ = {isa = PBXFileReference; fileEncoding = 4; lastKnownFileType = sourcecode.swift; path = Initializable.swift; sourceTree = "<group>"; };
		7B622C5220FCD9B9006C0BBE /* ThemeInitializer.swift */ = {isa = PBXFileReference; fileEncoding = 4; lastKnownFileType = sourcecode.swift; path = ThemeInitializer.swift; sourceTree = "<group>"; };
		7B622C5720FCDA1B006C0BBE /* RUtil.swift */ = {isa = PBXFileReference; fileEncoding = 4; lastKnownFileType = sourcecode.swift; path = RUtil.swift; sourceTree = "<group>"; };
		7B622C5920FCDA1B006C0BBE /* UIColor+Extension.swift */ = {isa = PBXFileReference; fileEncoding = 4; lastKnownFileType = sourcecode.swift; path = "UIColor+Extension.swift"; sourceTree = "<group>"; };
		7B622C5A20FCDA1B006C0BBE /* ReusableViewProtocol.swift */ = {isa = PBXFileReference; fileEncoding = 4; lastKnownFileType = sourcecode.swift; path = ReusableViewProtocol.swift; sourceTree = "<group>"; };
		7B622C5B20FCDA1B006C0BBE /* NSObject+Extension.swift */ = {isa = PBXFileReference; fileEncoding = 4; lastKnownFileType = sourcecode.swift; path = "NSObject+Extension.swift"; sourceTree = "<group>"; };
		7B622C5C20FCDA1B006C0BBE /* UIView+Extension.swift */ = {isa = PBXFileReference; fileEncoding = 4; lastKnownFileType = sourcecode.swift; path = "UIView+Extension.swift"; sourceTree = "<group>"; };
		7B622C5D20FCDA1B006C0BBE /* UINavigationController+Extension.swift */ = {isa = PBXFileReference; fileEncoding = 4; lastKnownFileType = sourcecode.swift; path = "UINavigationController+Extension.swift"; sourceTree = "<group>"; };
		7B622C5F20FCDA1B006C0BBE /* UIStoryboard+Extension.swift */ = {isa = PBXFileReference; fileEncoding = 4; lastKnownFileType = sourcecode.swift; path = "UIStoryboard+Extension.swift"; sourceTree = "<group>"; };
		7B622C6120FCDA1B006C0BBE /* Date+Extensions.swift */ = {isa = PBXFileReference; fileEncoding = 4; lastKnownFileType = sourcecode.swift; path = "Date+Extensions.swift"; sourceTree = "<group>"; };
		7B622C6520FCDA1B006C0BBE /* ResponseType.swift */ = {isa = PBXFileReference; fileEncoding = 4; lastKnownFileType = sourcecode.swift; path = ResponseType.swift; sourceTree = "<group>"; };
		7B622C6620FCDA1B006C0BBE /* ErrorResponse.swift */ = {isa = PBXFileReference; fileEncoding = 4; lastKnownFileType = sourcecode.swift; path = ErrorResponse.swift; sourceTree = "<group>"; };
		7B622C6720FCDA1B006C0BBE /* RequestResultType.swift */ = {isa = PBXFileReference; fileEncoding = 4; lastKnownFileType = sourcecode.swift; path = RequestResultType.swift; sourceTree = "<group>"; };
		7B622C6920FCDA1B006C0BBE /* BaseWireframe.swift */ = {isa = PBXFileReference; fileEncoding = 4; lastKnownFileType = sourcecode.swift; path = BaseWireframe.swift; sourceTree = "<group>"; };
		7B622C6A20FCDA1B006C0BBE /* PresenterInterface.swift */ = {isa = PBXFileReference; fileEncoding = 4; lastKnownFileType = sourcecode.swift; path = PresenterInterface.swift; sourceTree = "<group>"; };
		7B622C6B20FCDA1B006C0BBE /* ViewInterface.swift */ = {isa = PBXFileReference; fileEncoding = 4; lastKnownFileType = sourcecode.swift; path = ViewInterface.swift; sourceTree = "<group>"; };
		7B622C6C20FCDA1B006C0BBE /* InteractorInterface.swift */ = {isa = PBXFileReference; fileEncoding = 4; lastKnownFileType = sourcecode.swift; path = InteractorInterface.swift; sourceTree = "<group>"; };
		7B622C6E20FCDA1B006C0BBE /* APIService.swift */ = {isa = PBXFileReference; fileEncoding = 4; lastKnownFileType = sourcecode.swift; path = APIService.swift; sourceTree = "<group>"; };
		7B622C7220FCDA1C006C0BBE /* RButton.swift */ = {isa = PBXFileReference; fileEncoding = 4; lastKnownFileType = sourcecode.swift; path = RButton.swift; sourceTree = "<group>"; };
		7B622C7320FCDA1C006C0BBE /* RImageView.swift */ = {isa = PBXFileReference; fileEncoding = 4; lastKnownFileType = sourcecode.swift; path = RImageView.swift; sourceTree = "<group>"; };
		7B622C7520FCDA1C006C0BBE /* RCardView.swift */ = {isa = PBXFileReference; fileEncoding = 4; lastKnownFileType = sourcecode.swift; path = RCardView.swift; sourceTree = "<group>"; };
		7B622C7720FCDA1C006C0BBE /* BaseViewProtocol.swift */ = {isa = PBXFileReference; fileEncoding = 4; lastKnownFileType = sourcecode.swift; path = BaseViewProtocol.swift; sourceTree = "<group>"; };
		7B622C7920FCDA1C006C0BBE /* RFenceView.xib */ = {isa = PBXFileReference; fileEncoding = 4; lastKnownFileType = file.xib; path = RFenceView.xib; sourceTree = "<group>"; };
		7B622C7A20FCDA1C006C0BBE /* RFenceView.swift */ = {isa = PBXFileReference; fileEncoding = 4; lastKnownFileType = sourcecode.swift; path = RFenceView.swift; sourceTree = "<group>"; };
		7B622C7D20FCDA1C006C0BBE /* RNavigationController.swift */ = {isa = PBXFileReference; fileEncoding = 4; lastKnownFileType = sourcecode.swift; path = RNavigationController.swift; sourceTree = "<group>"; };
		7B622C7E20FCDA1C006C0BBE /* RBaseViewController.swift */ = {isa = PBXFileReference; fileEncoding = 4; lastKnownFileType = sourcecode.swift; path = RBaseViewController.swift; sourceTree = "<group>"; };
		7B622CAD20FCDD37006C0BBE /* Base */ = {isa = PBXFileReference; lastKnownFileType = file.storyboard; name = Base; path = Base.lproj/LaunchScreen.storyboard; sourceTree = "<group>"; };
		7BD6BBED20FCF968003A393E /* Currency.swift */ = {isa = PBXFileReference; lastKnownFileType = sourcecode.swift; path = Currency.swift; sourceTree = "<group>"; };
		7BD6BBEF20FD0A59003A393E /* CurrencyRates.swift */ = {isa = PBXFileReference; lastKnownFileType = sourcecode.swift; path = CurrencyRates.swift; sourceTree = "<group>"; };
		7BD6BBF220FD0C10003A393E /* Home.storyboard */ = {isa = PBXFileReference; lastKnownFileType = file.storyboard; path = Home.storyboard; sourceTree = "<group>"; };
		7BD6BBF420FD0C31003A393E /* HomeInterfaces.swift */ = {isa = PBXFileReference; lastKnownFileType = sourcecode.swift; path = HomeInterfaces.swift; sourceTree = "<group>"; };
		7BD6BBF520FD0C31003A393E /* HomePresenter.swift */ = {isa = PBXFileReference; lastKnownFileType = sourcecode.swift; path = HomePresenter.swift; sourceTree = "<group>"; };
		7BD6BBF620FD0C31003A393E /* HomeViewController.swift */ = {isa = PBXFileReference; lastKnownFileType = sourcecode.swift; path = HomeViewController.swift; sourceTree = "<group>"; };
		7BD6BBF720FD0C31003A393E /* HomeInteractor.swift */ = {isa = PBXFileReference; lastKnownFileType = sourcecode.swift; path = HomeInteractor.swift; sourceTree = "<group>"; };
		7BD6BBF820FD0C31003A393E /* HomeWireframe.swift */ = {isa = PBXFileReference; lastKnownFileType = sourcecode.swift; path = HomeWireframe.swift; sourceTree = "<group>"; };
		7BD6BBFE20FD0E8C003A393E /* CurrencyRatesService.swift */ = {isa = PBXFileReference; lastKnownFileType = sourcecode.swift; path = CurrencyRatesService.swift; sourceTree = "<group>"; };
		AEEA9B52A3D8B85E1F139581 /* Pods-RateX.release.xcconfig */ = {isa = PBXFileReference; includeInIndex = 1; lastKnownFileType = text.xcconfig; name = "Pods-RateX.release.xcconfig"; path = "Pods/Target Support Files/Pods-RateX/Pods-RateX.release.xcconfig"; sourceTree = "<group>"; };
		D8EC2FFFBFFAB6B159E7306D /* Pods_RateX.framework */ = {isa = PBXFileReference; explicitFileType = wrapper.framework; includeInIndex = 0; path = Pods_RateX.framework; sourceTree = BUILT_PRODUCTS_DIR; };
/* End PBXFileReference section */

/* Begin PBXFrameworksBuildPhase section */
		30A12F2F20FC2A1B00135A64 /* Frameworks */ = {
			isa = PBXFrameworksBuildPhase;
			buildActionMask = 2147483647;
			files = (
				7C4B3EE0EE98C28A32F81C9E /* Pods_RateX.framework in Frameworks */,
			);
			runOnlyForDeploymentPostprocessing = 0;
		};
		30A12F4620FC2A2200135A64 /* Frameworks */ = {
			isa = PBXFrameworksBuildPhase;
			buildActionMask = 2147483647;
			files = (
			);
			runOnlyForDeploymentPostprocessing = 0;
		};
		30A12F5120FC2A2200135A64 /* Frameworks */ = {
			isa = PBXFrameworksBuildPhase;
			buildActionMask = 2147483647;
			files = (
			);
			runOnlyForDeploymentPostprocessing = 0;
		};
/* End PBXFrameworksBuildPhase section */

/* Begin PBXGroup section */
		1BB089FAD167C69ED96FD25D /* Frameworks */ = {
			isa = PBXGroup;
			children = (
				D8EC2FFFBFFAB6B159E7306D /* Pods_RateX.framework */,
			);
			name = Frameworks;
			sourceTree = "<group>";
		};
		302432CD20FEB49E0062B731 /* CoreData */ = {
			isa = PBXGroup;
			children = (
				302432CE20FEB4B40062B731 /* CoreDataStack.swift */,
			);
			path = CoreData;
			sourceTree = "<group>";
		};
		3064C9DE20FD98CC005A1CFE /* Cells */ = {
			isa = PBXGroup;
			children = (
				3064C9DF20FD991C005A1CFE /* CurrencyTableViewCell.swift */,
				3064C9E020FD991C005A1CFE /* CurrencyTableViewCell.xib */,
			);
			path = Cells;
			sourceTree = "<group>";
		};
		30A12F2920FC2A1A00135A64 = {
			isa = PBXGroup;
			children = (
				30A12F3420FC2A1B00135A64 /* RateX */,
				30A12F4C20FC2A2200135A64 /* RateXTests */,
				30A12F5720FC2A2200135A64 /* RateXUITests */,
				30A12F3320FC2A1B00135A64 /* Products */,
				BE21E3D9667F14DBA09E4515 /* Pods */,
				1BB089FAD167C69ED96FD25D /* Frameworks */,
			);
			sourceTree = "<group>";
		};
		30A12F3320FC2A1B00135A64 /* Products */ = {
			isa = PBXGroup;
			children = (
				30A12F3220FC2A1B00135A64 /* RateX.app */,
				30A12F4920FC2A2200135A64 /* RateXTests.xctest */,
				30A12F5420FC2A2200135A64 /* RateXUITests.xctest */,
			);
			name = Products;
			sourceTree = "<group>";
		};
		30A12F3420FC2A1B00135A64 /* RateX */ = {
			isa = PBXGroup;
			children = (
				7B622C4F20FCD987006C0BBE /* Application */,
				7B622C5520FCDA1B006C0BBE /* Common */,
				7B622CA920FCDCAC006C0BBE /* Modules */,
				7B622CAA20FCDCE6006C0BBE /* Resources */,
				7B622CAB20FCDCFA006C0BBE /* SupportingFiles */,
			);
			path = RateX;
			sourceTree = "<group>";
		};
		30A12F4C20FC2A2200135A64 /* RateXTests */ = {
			isa = PBXGroup;
			children = (
				30A12F4D20FC2A2200135A64 /* RateXTests.swift */,
				30A12F4F20FC2A2200135A64 /* Info.plist */,
			);
			path = RateXTests;
			sourceTree = "<group>";
		};
		30A12F5720FC2A2200135A64 /* RateXUITests */ = {
			isa = PBXGroup;
			children = (
				30A12F5820FC2A2300135A64 /* RateXUITests.swift */,
				30A12F5A20FC2A2300135A64 /* Info.plist */,
			);
			path = RateXUITests;
			sourceTree = "<group>";
		};
		7B622C4F20FCD987006C0BBE /* Application */ = {
			isa = PBXGroup;
			children = (
				30A12F3520FC2A1B00135A64 /* AppDelegate.swift */,
				7B622C5020FCD997006C0BBE /* Initializers */,
			);
			path = Application;
			sourceTree = "<group>";
		};
		7B622C5020FCD997006C0BBE /* Initializers */ = {
			isa = PBXGroup;
			children = (
				7B622C5120FCD9B9006C0BBE /* Initializable.swift */,
				7B622C5220FCD9B9006C0BBE /* ThemeInitializer.swift */,
			);
			path = Initializers;
			sourceTree = "<group>";
		};
		7B622C5520FCDA1B006C0BBE /* Common */ = {
			isa = PBXGroup;
			children = (
				302432CD20FEB49E0062B731 /* CoreData */,
				7B622C5620FCDA1B006C0BBE /* Util */,
				7B622C5820FCDA1B006C0BBE /* Extensions */,
				7B622C6420FCDA1B006C0BBE /* Model */,
				7B622C6820FCDA1B006C0BBE /* VIPER */,
				7B622C6D20FCDA1B006C0BBE /* Service */,
				7B622C7120FCDA1B006C0BBE /* Views */,
				7B622C7C20FCDA1C006C0BBE /* Base */,
				7B622C7F20FCDA1C006C0BBE /* Entities */,
			);
			path = Common;
			sourceTree = "<group>";
		};
		7B622C5620FCDA1B006C0BBE /* Util */ = {
			isa = PBXGroup;
			children = (
				7B622C5720FCDA1B006C0BBE /* RUtil.swift */,
			);
			path = Util;
			sourceTree = "<group>";
		};
		7B622C5820FCDA1B006C0BBE /* Extensions */ = {
			isa = PBXGroup;
			children = (
				302432D020FEB5160062B731 /* NSManagedObject+Extension.swift */,
				7B622C5920FCDA1B006C0BBE /* UIColor+Extension.swift */,
				7B622C5A20FCDA1B006C0BBE /* ReusableViewProtocol.swift */,
				7B622C5B20FCDA1B006C0BBE /* NSObject+Extension.swift */,
				7B622C5C20FCDA1B006C0BBE /* UIView+Extension.swift */,
				7B622C5D20FCDA1B006C0BBE /* UINavigationController+Extension.swift */,
				7B622C5F20FCDA1B006C0BBE /* UIStoryboard+Extension.swift */,
				7B622C6120FCDA1B006C0BBE /* Date+Extensions.swift */,
				3064C9E420FDA4F5005A1CFE /* UITableView+Extension.swift */,
				3064C9E320FDA4F5005A1CFE /* UITableViewCell+Extension.swift */,
				7B53A7A220FE599700EF1D9D /* String+Extension.swift */,
				7B53A7A420FE5ABB00EF1D9D /* Double+Extension.swift */,
				7B1DAFC020FE910500BF5CAF /* Array+Extension.swift */,
			);
			path = Extensions;
			sourceTree = "<group>";
		};
		7B622C6420FCDA1B006C0BBE /* Model */ = {
			isa = PBXGroup;
			children = (
				7B622C6520FCDA1B006C0BBE /* ResponseType.swift */,
				7B622C6620FCDA1B006C0BBE /* ErrorResponse.swift */,
				7B622C6720FCDA1B006C0BBE /* RequestResultType.swift */,
			);
			path = Model;
			sourceTree = "<group>";
		};
		7B622C6820FCDA1B006C0BBE /* VIPER */ = {
			isa = PBXGroup;
			children = (
				7B622C6920FCDA1B006C0BBE /* BaseWireframe.swift */,
				7B622C6A20FCDA1B006C0BBE /* PresenterInterface.swift */,
				7B622C6B20FCDA1B006C0BBE /* ViewInterface.swift */,
				7B622C6C20FCDA1B006C0BBE /* InteractorInterface.swift */,
			);
			path = VIPER;
			sourceTree = "<group>";
		};
		7B622C6D20FCDA1B006C0BBE /* Service */ = {
			isa = PBXGroup;
			children = (
				7B622C6E20FCDA1B006C0BBE /* APIService.swift */,
				7BD6BBFE20FD0E8C003A393E /* CurrencyRatesService.swift */,
			);
			path = Service;
			sourceTree = "<group>";
		};
		7B622C7120FCDA1B006C0BBE /* Views */ = {
			isa = PBXGroup;
			children = (
				7B622C7220FCDA1C006C0BBE /* RButton.swift */,
				7B622C7320FCDA1C006C0BBE /* RImageView.swift */,
				7B622C7520FCDA1C006C0BBE /* RCardView.swift */,
				7B622C7620FCDA1C006C0BBE /* Base */,
				7B622C7820FCDA1C006C0BBE /* VFenceView */,
			);
			path = Views;
			sourceTree = "<group>";
		};
		7B622C7620FCDA1C006C0BBE /* Base */ = {
			isa = PBXGroup;
			children = (
				7B622C7720FCDA1C006C0BBE /* BaseViewProtocol.swift */,
			);
			path = Base;
			sourceTree = "<group>";
		};
		7B622C7820FCDA1C006C0BBE /* VFenceView */ = {
			isa = PBXGroup;
			children = (
				7B622C7920FCDA1C006C0BBE /* RFenceView.xib */,
				7B622C7A20FCDA1C006C0BBE /* RFenceView.swift */,
			);
			path = VFenceView;
			sourceTree = "<group>";
		};
		7B622C7C20FCDA1C006C0BBE /* Base */ = {
			isa = PBXGroup;
			children = (
				7B622C7D20FCDA1C006C0BBE /* RNavigationController.swift */,
				7B622C7E20FCDA1C006C0BBE /* RBaseViewController.swift */,
			);
			path = Base;
			sourceTree = "<group>";
		};
		7B622C7F20FCDA1C006C0BBE /* Entities */ = {
			isa = PBXGroup;
			children = (
				7BD6BBED20FCF968003A393E /* Currency.swift */,
				7BD6BBEF20FD0A59003A393E /* CurrencyRates.swift */,
				302432D220FEBB650062B731 /* CacheCurrency.swift */,
				7B5F347920FF74FF00075DAB /* CahceRates.swift */,
			);
			path = Entities;
			sourceTree = "<group>";
		};
		7B622CA920FCDCAC006C0BBE /* Modules */ = {
			isa = PBXGroup;
			children = (
				7BD6BBF120FD0BF1003A393E /* Home */,
			);
			path = Modules;
			sourceTree = "<group>";
		};
		7B622CAA20FCDCE6006C0BBE /* Resources */ = {
			isa = PBXGroup;
			children = (
				30A12F3F20FC2A2200135A64 /* Assets.xcassets */,
			);
			path = Resources;
			sourceTree = "<group>";
		};
		7B622CAB20FCDCFA006C0BBE /* SupportingFiles */ = {
			isa = PBXGroup;
			children = (
				30A12F4420FC2A2200135A64 /* Info.plist */,
				30A12F3C20FC2A1B00135A64 /* RateX.xcdatamodeld */,
				7B622CAC20FCDD37006C0BBE /* LaunchScreen.storyboard */,
			);
			path = SupportingFiles;
			sourceTree = "<group>";
		};
		7BD6BBF120FD0BF1003A393E /* Home */ = {
			isa = PBXGroup;
			children = (
				7BD6BBF220FD0C10003A393E /* Home.storyboard */,
				3064C9DE20FD98CC005A1CFE /* Cells */,
				7BD6BBF420FD0C31003A393E /* HomeInterfaces.swift */,
				7BD6BBF520FD0C31003A393E /* HomePresenter.swift */,
				7BD6BBF620FD0C31003A393E /* HomeViewController.swift */,
				7BD6BBF720FD0C31003A393E /* HomeInteractor.swift */,
				7BD6BBF820FD0C31003A393E /* HomeWireframe.swift */,
			);
			path = Home;
			sourceTree = "<group>";
		};
		BE21E3D9667F14DBA09E4515 /* Pods */ = {
			isa = PBXGroup;
			children = (
				046B342236B30113065B0DE5 /* Pods-RateX.debug.xcconfig */,
				AEEA9B52A3D8B85E1F139581 /* Pods-RateX.release.xcconfig */,
			);
			name = Pods;
			sourceTree = "<group>";
		};
/* End PBXGroup section */

/* Begin PBXNativeTarget section */
		30A12F3120FC2A1B00135A64 /* RateX */ = {
			isa = PBXNativeTarget;
			buildConfigurationList = 30A12F5D20FC2A2300135A64 /* Build configuration list for PBXNativeTarget "RateX" */;
			buildPhases = (
				EC301FAB6659746FDA7F41CE /* [CP] Check Pods Manifest.lock */,
				30A12F2E20FC2A1B00135A64 /* Sources */,
				30A12F2F20FC2A1B00135A64 /* Frameworks */,
				30A12F3020FC2A1B00135A64 /* Resources */,
				605E36754BF82247178839B1 /* [CP] Embed Pods Frameworks */,
			);
			buildRules = (
			);
			dependencies = (
			);
			name = RateX;
			productName = RateX;
			productReference = 30A12F3220FC2A1B00135A64 /* RateX.app */;
			productType = "com.apple.product-type.application";
		};
		30A12F4820FC2A2200135A64 /* RateXTests */ = {
			isa = PBXNativeTarget;
			buildConfigurationList = 30A12F6020FC2A2300135A64 /* Build configuration list for PBXNativeTarget "RateXTests" */;
			buildPhases = (
				30A12F4520FC2A2200135A64 /* Sources */,
				30A12F4620FC2A2200135A64 /* Frameworks */,
				30A12F4720FC2A2200135A64 /* Resources */,
			);
			buildRules = (
			);
			dependencies = (
				30A12F4B20FC2A2200135A64 /* PBXTargetDependency */,
			);
			name = RateXTests;
			productName = RateXTests;
			productReference = 30A12F4920FC2A2200135A64 /* RateXTests.xctest */;
			productType = "com.apple.product-type.bundle.unit-test";
		};
		30A12F5320FC2A2200135A64 /* RateXUITests */ = {
			isa = PBXNativeTarget;
			buildConfigurationList = 30A12F6320FC2A2300135A64 /* Build configuration list for PBXNativeTarget "RateXUITests" */;
			buildPhases = (
				30A12F5020FC2A2200135A64 /* Sources */,
				30A12F5120FC2A2200135A64 /* Frameworks */,
				30A12F5220FC2A2200135A64 /* Resources */,
			);
			buildRules = (
			);
			dependencies = (
				30A12F5620FC2A2200135A64 /* PBXTargetDependency */,
			);
			name = RateXUITests;
			productName = RateXUITests;
			productReference = 30A12F5420FC2A2200135A64 /* RateXUITests.xctest */;
			productType = "com.apple.product-type.bundle.ui-testing";
		};
/* End PBXNativeTarget section */

/* Begin PBXProject section */
		30A12F2A20FC2A1A00135A64 /* Project object */ = {
			isa = PBXProject;
			attributes = {
				LastSwiftUpdateCheck = 0940;
				LastUpgradeCheck = 0940;
				ORGANIZATIONNAME = Andre;
				TargetAttributes = {
					30A12F3120FC2A1B00135A64 = {
						CreatedOnToolsVersion = 9.4.1;
					};
					30A12F4820FC2A2200135A64 = {
						CreatedOnToolsVersion = 9.4.1;
						TestTargetID = 30A12F3120FC2A1B00135A64;
					};
					30A12F5320FC2A2200135A64 = {
						CreatedOnToolsVersion = 9.4.1;
						TestTargetID = 30A12F3120FC2A1B00135A64;
					};
				};
			};
			buildConfigurationList = 30A12F2D20FC2A1A00135A64 /* Build configuration list for PBXProject "RateX" */;
			compatibilityVersion = "Xcode 9.3";
			developmentRegion = en;
			hasScannedForEncodings = 0;
			knownRegions = (
				en,
				Base,
			);
			mainGroup = 30A12F2920FC2A1A00135A64;
			productRefGroup = 30A12F3320FC2A1B00135A64 /* Products */;
			projectDirPath = "";
			projectRoot = "";
			targets = (
				30A12F3120FC2A1B00135A64 /* RateX */,
				30A12F4820FC2A2200135A64 /* RateXTests */,
				30A12F5320FC2A2200135A64 /* RateXUITests */,
			);
		};
/* End PBXProject section */

/* Begin PBXResourcesBuildPhase section */
		30A12F3020FC2A1B00135A64 /* Resources */ = {
			isa = PBXResourcesBuildPhase;
			buildActionMask = 2147483647;
			files = (
				7B622C9F20FCDA1C006C0BBE /* RFenceView.xib in Resources */,
				3064C9E220FD991C005A1CFE /* CurrencyTableViewCell.xib in Resources */,
				7B622CAE20FCDD37006C0BBE /* LaunchScreen.storyboard in Resources */,
				30A12F4020FC2A2200135A64 /* Assets.xcassets in Resources */,
				7BD6BBF320FD0C10003A393E /* Home.storyboard in Resources */,
			);
			runOnlyForDeploymentPostprocessing = 0;
		};
		30A12F4720FC2A2200135A64 /* Resources */ = {
			isa = PBXResourcesBuildPhase;
			buildActionMask = 2147483647;
			files = (
			);
			runOnlyForDeploymentPostprocessing = 0;
		};
		30A12F5220FC2A2200135A64 /* Resources */ = {
			isa = PBXResourcesBuildPhase;
			buildActionMask = 2147483647;
			files = (
			);
			runOnlyForDeploymentPostprocessing = 0;
		};
/* End PBXResourcesBuildPhase section */

/* Begin PBXShellScriptBuildPhase section */
		605E36754BF82247178839B1 /* [CP] Embed Pods Frameworks */ = {
			isa = PBXShellScriptBuildPhase;
			buildActionMask = 2147483647;
			files = (
			);
			inputPaths = (
				"${SRCROOT}/Pods/Target Support Files/Pods-RateX/Pods-RateX-frameworks.sh",
				"${BUILT_PRODUCTS_DIR}/Alamofire/Alamofire.framework",
				"${BUILT_PRODUCTS_DIR}/TPKeyboardAvoiding/TPKeyboardAvoiding.framework",
			);
			name = "[CP] Embed Pods Frameworks";
			outputPaths = (
				"${TARGET_BUILD_DIR}/${FRAMEWORKS_FOLDER_PATH}/Alamofire.framework",
				"${TARGET_BUILD_DIR}/${FRAMEWORKS_FOLDER_PATH}/TPKeyboardAvoiding.framework",
			);
			runOnlyForDeploymentPostprocessing = 0;
			shellPath = /bin/sh;
			shellScript = "\"${SRCROOT}/Pods/Target Support Files/Pods-RateX/Pods-RateX-frameworks.sh\"\n";
			showEnvVarsInLog = 0;
		};
		EC301FAB6659746FDA7F41CE /* [CP] Check Pods Manifest.lock */ = {
			isa = PBXShellScriptBuildPhase;
			buildActionMask = 2147483647;
			files = (
			);
			inputPaths = (
				"${PODS_PODFILE_DIR_PATH}/Podfile.lock",
				"${PODS_ROOT}/Manifest.lock",
			);
			name = "[CP] Check Pods Manifest.lock";
			outputPaths = (
				"$(DERIVED_FILE_DIR)/Pods-RateX-checkManifestLockResult.txt",
			);
			runOnlyForDeploymentPostprocessing = 0;
			shellPath = /bin/sh;
			shellScript = "diff \"${PODS_PODFILE_DIR_PATH}/Podfile.lock\" \"${PODS_ROOT}/Manifest.lock\" > /dev/null\nif [ $? != 0 ] ; then\n    # print error to STDERR\n    echo \"error: The sandbox is not in sync with the Podfile.lock. Run 'pod install' or update your CocoaPods installation.\" >&2\n    exit 1\nfi\n# This output is used by Xcode 'outputs' to avoid re-running this script phase.\necho \"SUCCESS\" > \"${SCRIPT_OUTPUT_FILE_0}\"\n";
			showEnvVarsInLog = 0;
		};
/* End PBXShellScriptBuildPhase section */

/* Begin PBXSourcesBuildPhase section */
		30A12F2E20FC2A1B00135A64 /* Sources */ = {
			isa = PBXSourcesBuildPhase;
			buildActionMask = 2147483647;
			files = (
				7B622C9620FCDA1C006C0BBE /* InteractorInterface.swift in Sources */,
				7B622C9720FCDA1C006C0BBE /* APIService.swift in Sources */,
				7B622C8520FCDA1C006C0BBE /* UIColor+Extension.swift in Sources */,
				7BD6BBFA20FD0C31003A393E /* HomePresenter.swift in Sources */,
				7B622C9420FCDA1C006C0BBE /* PresenterInterface.swift in Sources */,
				7B622CA220FCDA1C006C0BBE /* RNavigationController.swift in Sources */,
				7B622C9020FCDA1C006C0BBE /* ResponseType.swift in Sources */,
				302432D320FEBB650062B731 /* CacheCurrency.swift in Sources */,
				7BD6BBF920FD0C31003A393E /* HomeInterfaces.swift in Sources */,
				7B622C8920FCDA1C006C0BBE /* UINavigationController+Extension.swift in Sources */,
				7B622C8720FCDA1C006C0BBE /* NSObject+Extension.swift in Sources */,
				30A12F3620FC2A1B00135A64 /* AppDelegate.swift in Sources */,
				7B622CA320FCDA1C006C0BBE /* RBaseViewController.swift in Sources */,
				7BD6BBFC20FD0C31003A393E /* HomeInteractor.swift in Sources */,
				7B622C9A20FCDA1C006C0BBE /* RButton.swift in Sources */,
				7B622C8B20FCDA1C006C0BBE /* UIStoryboard+Extension.swift in Sources */,
				30A12F3E20FC2A1B00135A64 /* RateX.xcdatamodeld in Sources */,
				7B5F347A20FF74FF00075DAB /* CahceRates.swift in Sources */,
				3064C9E120FD991C005A1CFE /* CurrencyTableViewCell.swift in Sources */,
				7B622C5320FCD9B9006C0BBE /* Initializable.swift in Sources */,
				7B622C8D20FCDA1C006C0BBE /* Date+Extensions.swift in Sources */,
				7B53A7A320FE599700EF1D9D /* String+Extension.swift in Sources */,
				7B622C9520FCDA1C006C0BBE /* ViewInterface.swift in Sources */,
				302432CF20FEB4B40062B731 /* CoreDataStack.swift in Sources */,
				7BD6BBFF20FD0E8C003A393E /* CurrencyRatesService.swift in Sources */,
				3064C9E620FDA4F6005A1CFE /* UITableView+Extension.swift in Sources */,
				7BD6BBFD20FD0C31003A393E /* HomeWireframe.swift in Sources */,
				7B622C9220FCDA1C006C0BBE /* RequestResultType.swift in Sources */,
				7BD6BBF020FD0A59003A393E /* CurrencyRates.swift in Sources */,
				7B622C9D20FCDA1C006C0BBE /* RCardView.swift in Sources */,
				3064C9E520FDA4F6005A1CFE /* UITableViewCell+Extension.swift in Sources */,
				7B53A7A520FE5ABB00EF1D9D /* Double+Extension.swift in Sources */,
				7BD6BBEE20FCF968003A393E /* Currency.swift in Sources */,
				7B622C8620FCDA1C006C0BBE /* ReusableViewProtocol.swift in Sources */,
				7B622C8420FCDA1C006C0BBE /* RUtil.swift in Sources */,
				7B622C9E20FCDA1C006C0BBE /* BaseViewProtocol.swift in Sources */,
				7B622C8820FCDA1C006C0BBE /* UIView+Extension.swift in Sources */,
				302432D120FEB5160062B731 /* NSManagedObject+Extension.swift in Sources */,
				7B622C9B20FCDA1C006C0BBE /* RImageView.swift in Sources */,
				7BD6BBFB20FD0C31003A393E /* HomeViewController.swift in Sources */,
				7B622C9120FCDA1C006C0BBE /* ErrorResponse.swift in Sources */,
				7B1DAFC120FE910500BF5CAF /* Array+Extension.swift in Sources */,
				7B622C9320FCDA1C006C0BBE /* BaseWireframe.swift in Sources */,
				7B622CA020FCDA1C006C0BBE /* RFenceView.swift in Sources */,
				7B622C5420FCD9B9006C0BBE /* ThemeInitializer.swift in Sources */,
			);
			runOnlyForDeploymentPostprocessing = 0;
		};
		30A12F4520FC2A2200135A64 /* Sources */ = {
			isa = PBXSourcesBuildPhase;
			buildActionMask = 2147483647;
			files = (
				30A12F4E20FC2A2200135A64 /* RateXTests.swift in Sources */,
			);
			runOnlyForDeploymentPostprocessing = 0;
		};
		30A12F5020FC2A2200135A64 /* Sources */ = {
			isa = PBXSourcesBuildPhase;
			buildActionMask = 2147483647;
			files = (
				30A12F5920FC2A2300135A64 /* RateXUITests.swift in Sources */,
			);
			runOnlyForDeploymentPostprocessing = 0;
		};
/* End PBXSourcesBuildPhase section */

/* Begin PBXTargetDependency section */
		30A12F4B20FC2A2200135A64 /* PBXTargetDependency */ = {
			isa = PBXTargetDependency;
			target = 30A12F3120FC2A1B00135A64 /* RateX */;
			targetProxy = 30A12F4A20FC2A2200135A64 /* PBXContainerItemProxy */;
		};
		30A12F5620FC2A2200135A64 /* PBXTargetDependency */ = {
			isa = PBXTargetDependency;
			target = 30A12F3120FC2A1B00135A64 /* RateX */;
			targetProxy = 30A12F5520FC2A2200135A64 /* PBXContainerItemProxy */;
		};
/* End PBXTargetDependency section */

/* Begin PBXVariantGroup section */
		7B622CAC20FCDD37006C0BBE /* LaunchScreen.storyboard */ = {
			isa = PBXVariantGroup;
			children = (
				7B622CAD20FCDD37006C0BBE /* Base */,
			);
			name = LaunchScreen.storyboard;
			sourceTree = "<group>";
		};
/* End PBXVariantGroup section */

/* Begin XCBuildConfiguration section */
		30A12F5B20FC2A2300135A64 /* Debug */ = {
			isa = XCBuildConfiguration;
			buildSettings = {
				ALWAYS_SEARCH_USER_PATHS = NO;
				CLANG_ANALYZER_NONNULL = YES;
				CLANG_ANALYZER_NUMBER_OBJECT_CONVERSION = YES_AGGRESSIVE;
				CLANG_CXX_LANGUAGE_STANDARD = "gnu++14";
				CLANG_CXX_LIBRARY = "libc++";
				CLANG_ENABLE_MODULES = YES;
				CLANG_ENABLE_OBJC_ARC = YES;
				CLANG_ENABLE_OBJC_WEAK = YES;
				CLANG_WARN_BLOCK_CAPTURE_AUTORELEASING = YES;
				CLANG_WARN_BOOL_CONVERSION = YES;
				CLANG_WARN_COMMA = YES;
				CLANG_WARN_CONSTANT_CONVERSION = YES;
				CLANG_WARN_DEPRECATED_OBJC_IMPLEMENTATIONS = YES;
				CLANG_WARN_DIRECT_OBJC_ISA_USAGE = YES_ERROR;
				CLANG_WARN_DOCUMENTATION_COMMENTS = YES;
				CLANG_WARN_EMPTY_BODY = YES;
				CLANG_WARN_ENUM_CONVERSION = YES;
				CLANG_WARN_INFINITE_RECURSION = YES;
				CLANG_WARN_INT_CONVERSION = YES;
				CLANG_WARN_NON_LITERAL_NULL_CONVERSION = YES;
				CLANG_WARN_OBJC_IMPLICIT_RETAIN_SELF = YES;
				CLANG_WARN_OBJC_LITERAL_CONVERSION = YES;
				CLANG_WARN_OBJC_ROOT_CLASS = YES_ERROR;
				CLANG_WARN_RANGE_LOOP_ANALYSIS = YES;
				CLANG_WARN_STRICT_PROTOTYPES = YES;
				CLANG_WARN_SUSPICIOUS_MOVE = YES;
				CLANG_WARN_UNGUARDED_AVAILABILITY = YES_AGGRESSIVE;
				CLANG_WARN_UNREACHABLE_CODE = YES;
				CLANG_WARN__DUPLICATE_METHOD_MATCH = YES;
				CODE_SIGN_IDENTITY = "iPhone Developer";
				COPY_PHASE_STRIP = NO;
				DEBUG_INFORMATION_FORMAT = dwarf;
				ENABLE_STRICT_OBJC_MSGSEND = YES;
				ENABLE_TESTABILITY = YES;
				GCC_C_LANGUAGE_STANDARD = gnu11;
				GCC_DYNAMIC_NO_PIC = NO;
				GCC_NO_COMMON_BLOCKS = YES;
				GCC_OPTIMIZATION_LEVEL = 0;
				GCC_PREPROCESSOR_DEFINITIONS = (
					"DEBUG=1",
					"$(inherited)",
				);
				GCC_WARN_64_TO_32_BIT_CONVERSION = YES;
				GCC_WARN_ABOUT_RETURN_TYPE = YES_ERROR;
				GCC_WARN_UNDECLARED_SELECTOR = YES;
				GCC_WARN_UNINITIALIZED_AUTOS = YES_AGGRESSIVE;
				GCC_WARN_UNUSED_FUNCTION = YES;
				GCC_WARN_UNUSED_VARIABLE = YES;
				IPHONEOS_DEPLOYMENT_TARGET = 11.4;
				MTL_ENABLE_DEBUG_INFO = YES;
				ONLY_ACTIVE_ARCH = YES;
				SDKROOT = iphoneos;
				SWIFT_ACTIVE_COMPILATION_CONDITIONS = DEBUG;
				SWIFT_OPTIMIZATION_LEVEL = "-Onone";
			};
			name = Debug;
		};
		30A12F5C20FC2A2300135A64 /* Release */ = {
			isa = XCBuildConfiguration;
			buildSettings = {
				ALWAYS_SEARCH_USER_PATHS = NO;
				CLANG_ANALYZER_NONNULL = YES;
				CLANG_ANALYZER_NUMBER_OBJECT_CONVERSION = YES_AGGRESSIVE;
				CLANG_CXX_LANGUAGE_STANDARD = "gnu++14";
				CLANG_CXX_LIBRARY = "libc++";
				CLANG_ENABLE_MODULES = YES;
				CLANG_ENABLE_OBJC_ARC = YES;
				CLANG_ENABLE_OBJC_WEAK = YES;
				CLANG_WARN_BLOCK_CAPTURE_AUTORELEASING = YES;
				CLANG_WARN_BOOL_CONVERSION = YES;
				CLANG_WARN_COMMA = YES;
				CLANG_WARN_CONSTANT_CONVERSION = YES;
				CLANG_WARN_DEPRECATED_OBJC_IMPLEMENTATIONS = YES;
				CLANG_WARN_DIRECT_OBJC_ISA_USAGE = YES_ERROR;
				CLANG_WARN_DOCUMENTATION_COMMENTS = YES;
				CLANG_WARN_EMPTY_BODY = YES;
				CLANG_WARN_ENUM_CONVERSION = YES;
				CLANG_WARN_INFINITE_RECURSION = YES;
				CLANG_WARN_INT_CONVERSION = YES;
				CLANG_WARN_NON_LITERAL_NULL_CONVERSION = YES;
				CLANG_WARN_OBJC_IMPLICIT_RETAIN_SELF = YES;
				CLANG_WARN_OBJC_LITERAL_CONVERSION = YES;
				CLANG_WARN_OBJC_ROOT_CLASS = YES_ERROR;
				CLANG_WARN_RANGE_LOOP_ANALYSIS = YES;
				CLANG_WARN_STRICT_PROTOTYPES = YES;
				CLANG_WARN_SUSPICIOUS_MOVE = YES;
				CLANG_WARN_UNGUARDED_AVAILABILITY = YES_AGGRESSIVE;
				CLANG_WARN_UNREACHABLE_CODE = YES;
				CLANG_WARN__DUPLICATE_METHOD_MATCH = YES;
				CODE_SIGN_IDENTITY = "iPhone Developer";
				COPY_PHASE_STRIP = NO;
				DEBUG_INFORMATION_FORMAT = "dwarf-with-dsym";
				ENABLE_NS_ASSERTIONS = NO;
				ENABLE_STRICT_OBJC_MSGSEND = YES;
				GCC_C_LANGUAGE_STANDARD = gnu11;
				GCC_NO_COMMON_BLOCKS = YES;
				GCC_WARN_64_TO_32_BIT_CONVERSION = YES;
				GCC_WARN_ABOUT_RETURN_TYPE = YES_ERROR;
				GCC_WARN_UNDECLARED_SELECTOR = YES;
				GCC_WARN_UNINITIALIZED_AUTOS = YES_AGGRESSIVE;
				GCC_WARN_UNUSED_FUNCTION = YES;
				GCC_WARN_UNUSED_VARIABLE = YES;
				IPHONEOS_DEPLOYMENT_TARGET = 11.4;
				MTL_ENABLE_DEBUG_INFO = NO;
				SDKROOT = iphoneos;
				SWIFT_COMPILATION_MODE = wholemodule;
				SWIFT_OPTIMIZATION_LEVEL = "-O";
				VALIDATE_PRODUCT = YES;
			};
			name = Release;
		};
		30A12F5E20FC2A2300135A64 /* Debug */ = {
			isa = XCBuildConfiguration;
			baseConfigurationReference = 046B342236B30113065B0DE5 /* Pods-RateX.debug.xcconfig */;
			buildSettings = {
				ASSETCATALOG_COMPILER_APPICON_NAME = AppIcon;
				CODE_SIGN_STYLE = Automatic;
				DEVELOPMENT_TEAM = 959WMEP4YD;
				INFOPLIST_FILE = "$(SRCROOT)/RateX/SupportingFiles/Info.plist";
				IPHONEOS_DEPLOYMENT_TARGET = 11.3;
				LD_RUNPATH_SEARCH_PATHS = (
					"$(inherited)",
					"@executable_path/Frameworks",
				);
				PRODUCT_BUNDLE_IDENTIFIER = br.com.andre.RateX;
				PRODUCT_NAME = "$(TARGET_NAME)";
				SWIFT_VERSION = 4.0;
				TARGETED_DEVICE_FAMILY = "1,2";
			};
			name = Debug;
		};
		30A12F5F20FC2A2300135A64 /* Release */ = {
			isa = XCBuildConfiguration;
			baseConfigurationReference = AEEA9B52A3D8B85E1F139581 /* Pods-RateX.release.xcconfig */;
			buildSettings = {
				ASSETCATALOG_COMPILER_APPICON_NAME = AppIcon;
				CODE_SIGN_STYLE = Automatic;
				DEVELOPMENT_TEAM = 959WMEP4YD;
				INFOPLIST_FILE = "$(SRCROOT)/RateX/SupportingFiles/Info.plist";
				IPHONEOS_DEPLOYMENT_TARGET = 11.3;
				LD_RUNPATH_SEARCH_PATHS = (
					"$(inherited)",
					"@executable_path/Frameworks",
				);
				PRODUCT_BUNDLE_IDENTIFIER = br.com.andre.RateX;
				PRODUCT_NAME = "$(TARGET_NAME)";
				SWIFT_VERSION = 4.0;
				TARGETED_DEVICE_FAMILY = "1,2";
			};
			name = Release;
		};
		30A12F6120FC2A2300135A64 /* Debug */ = {
			isa = XCBuildConfiguration;
			buildSettings = {
				ALWAYS_EMBED_SWIFT_STANDARD_LIBRARIES = YES;
				BUNDLE_LOADER = "$(TEST_HOST)";
				CODE_SIGN_STYLE = Automatic;
				DEVELOPMENT_TEAM = 959WMEP4YD;
				INFOPLIST_FILE = RateXTests/Info.plist;
				IPHONEOS_DEPLOYMENT_TARGET = 11.3;
				LD_RUNPATH_SEARCH_PATHS = (
					"$(inherited)",
					"@executable_path/Frameworks",
					"@loader_path/Frameworks",
				);
				PRODUCT_BUNDLE_IDENTIFIER = br.com.andre.RateXTests;
				PRODUCT_NAME = "$(TARGET_NAME)";
				SWIFT_VERSION = 4.0;
				TARGETED_DEVICE_FAMILY = "1,2";
				TEST_HOST = "$(BUILT_PRODUCTS_DIR)/RateX.app/RateX";
			};
			name = Debug;
		};
		30A12F6220FC2A2300135A64 /* Release */ = {
			isa = XCBuildConfiguration;
			buildSettings = {
				ALWAYS_EMBED_SWIFT_STANDARD_LIBRARIES = YES;
				BUNDLE_LOADER = "$(TEST_HOST)";
				CODE_SIGN_STYLE = Automatic;
				DEVELOPMENT_TEAM = 959WMEP4YD;
				INFOPLIST_FILE = RateXTests/Info.plist;
				IPHONEOS_DEPLOYMENT_TARGET = 11.3;
				LD_RUNPATH_SEARCH_PATHS = (
					"$(inherited)",
					"@executable_path/Frameworks",
					"@loader_path/Frameworks",
				);
				PRODUCT_BUNDLE_IDENTIFIER = br.com.andre.RateXTests;
				PRODUCT_NAME = "$(TARGET_NAME)";
				SWIFT_VERSION = 4.0;
				TARGETED_DEVICE_FAMILY = "1,2";
				TEST_HOST = "$(BUILT_PRODUCTS_DIR)/RateX.app/RateX";
			};
			name = Release;
		};
		30A12F6420FC2A2300135A64 /* Debug */ = {
			isa = XCBuildConfiguration;
			buildSettings = {
				ALWAYS_EMBED_SWIFT_STANDARD_LIBRARIES = YES;
				CODE_SIGN_STYLE = Automatic;
				DEVELOPMENT_TEAM = 959WMEP4YD;
				INFOPLIST_FILE = RateXUITests/Info.plist;
				IPHONEOS_DEPLOYMENT_TARGET = 11.3;
				LD_RUNPATH_SEARCH_PATHS = (
					"$(inherited)",
					"@executable_path/Frameworks",
					"@loader_path/Frameworks",
				);
				PRODUCT_BUNDLE_IDENTIFIER = br.com.andre.RateXUITests;
				PRODUCT_NAME = "$(TARGET_NAME)";
				SWIFT_VERSION = 4.0;
				TARGETED_DEVICE_FAMILY = "1,2";
				TEST_TARGET_NAME = RateX;
			};
			name = Debug;
		};
		30A12F6520FC2A2300135A64 /* Release */ = {
			isa = XCBuildConfiguration;
			buildSettings = {
				ALWAYS_EMBED_SWIFT_STANDARD_LIBRARIES = YES;
				CODE_SIGN_STYLE = Automatic;
				DEVELOPMENT_TEAM = 959WMEP4YD;
				INFOPLIST_FILE = RateXUITests/Info.plist;
				IPHONEOS_DEPLOYMENT_TARGET = 11.3;
				LD_RUNPATH_SEARCH_PATHS = (
					"$(inherited)",
					"@executable_path/Frameworks",
					"@loader_path/Frameworks",
				);
				PRODUCT_BUNDLE_IDENTIFIER = br.com.andre.RateXUITests;
				PRODUCT_NAME = "$(TARGET_NAME)";
				SWIFT_VERSION = 4.0;
				TARGETED_DEVICE_FAMILY = "1,2";
				TEST_TARGET_NAME = RateX;
			};
			name = Release;
		};
/* End XCBuildConfiguration section */

/* Begin XCConfigurationList section */
		30A12F2D20FC2A1A00135A64 /* Build configuration list for PBXProject "RateX" */ = {
			isa = XCConfigurationList;
			buildConfigurations = (
				30A12F5B20FC2A2300135A64 /* Debug */,
				30A12F5C20FC2A2300135A64 /* Release */,
			);
			defaultConfigurationIsVisible = 0;
			defaultConfigurationName = Release;
		};
		30A12F5D20FC2A2300135A64 /* Build configuration list for PBXNativeTarget "RateX" */ = {
			isa = XCConfigurationList;
			buildConfigurations = (
				30A12F5E20FC2A2300135A64 /* Debug */,
				30A12F5F20FC2A2300135A64 /* Release */,
			);
			defaultConfigurationIsVisible = 0;
			defaultConfigurationName = Release;
		};
		30A12F6020FC2A2300135A64 /* Build configuration list for PBXNativeTarget "RateXTests" */ = {
			isa = XCConfigurationList;
			buildConfigurations = (
				30A12F6120FC2A2300135A64 /* Debug */,
				30A12F6220FC2A2300135A64 /* Release */,
			);
			defaultConfigurationIsVisible = 0;
			defaultConfigurationName = Release;
		};
		30A12F6320FC2A2300135A64 /* Build configuration list for PBXNativeTarget "RateXUITests" */ = {
			isa = XCConfigurationList;
			buildConfigurations = (
				30A12F6420FC2A2300135A64 /* Debug */,
				30A12F6520FC2A2300135A64 /* Release */,
			);
			defaultConfigurationIsVisible = 0;
			defaultConfigurationName = Release;
		};
/* End XCConfigurationList section */

/* Begin XCVersionGroup section */
		30A12F3C20FC2A1B00135A64 /* RateX.xcdatamodeld */ = {
			isa = XCVersionGroup;
			children = (
				30A12F3D20FC2A1B00135A64 /* RateX.xcdatamodel */,
			);
			currentVersion = 30A12F3D20FC2A1B00135A64 /* RateX.xcdatamodel */;
			path = RateX.xcdatamodeld;
			sourceTree = "<group>";
			versionGroupType = wrapper.xcdatamodel;
		};
/* End XCVersionGroup section */
	};
	rootObject = 30A12F2A20FC2A1A00135A64 /* Project object */;
}
